PODS:
  - CircleProgressBar (0.32)
  - YLProgressBar (3.11.0)

DEPENDENCIES:
  - CircleProgressBar (~> 0.32)
  - YLProgressBar (~> 3.11.0)

SPEC REPOS:
  https://github.com/CocoaPods/Specs.git:
    - CircleProgressBar
    - YLProgressBar

SPEC CHECKSUMS:
  CircleProgressBar: 3920079be5224b62b3d9ed6eeb23ac01c835b681
  YLProgressBar: 0c0796a6e9b5e5d5040d15c8911e802b67ccb939

PODFILE CHECKSUM: da889f379d50406b7eacb522141c5647b8338142

COCOAPODS: 1.9.1
