// !$*UTF8*$!
{
	archiveVersion = 1;
	classes = {
	};
	objectVersion = 50;
	objects = {

/* Begin PBXBuildFile section */
		744487262293EB400006A7CE /* AddEditProjectViewController.swift in Sources */ = {isa = PBXBuildFile; fileRef = 744487252293EB400006A7CE /* AddEditProjectViewController.swift */; };
		7458D54E2291B39E00FF7784 /* Commons.swift in Sources */ = {isa = PBXBuildFile; fileRef = 7458D54D2291B39E00FF7784 /* Commons.swift */; };
		74D3C1932299D35E0067A64E /* Project.swift in Sources */ = {isa = PBXBuildFile; fileRef = 74D3C1922299D35E0067A64E /* Project.swift */; };
		74D3C1952299E0190067A64E /* Task.swift in Sources */ = {isa = PBXBuildFile; fileRef = 74D3C1942299E0190067A64E /* Task.swift */; };
		74E1905922987C93009C12D3 /* AddEditTaskViewController.swift in Sources */ = {isa = PBXBuildFile; fileRef = 74E1905822987C93009C12D3 /* AddEditTaskViewController.swift */; };
		74E5552F228D8C0F00B94C58 /* AppDelegate.swift in Sources */ = {isa = PBXBuildFile; fileRef = 74E5552E228D8C0F00B94C58 /* AppDelegate.swift */; };
		74E55534228D8C0F00B94C58 /* Main.storyboard in Resources */ = {isa = PBXBuildFile; fileRef = 74E55532228D8C0F00B94C58 /* Main.storyboard */; };
		74E55537228D8C0F00B94C58 /* project_manager.xcdatamodeld in Sources */ = {isa = PBXBuildFile; fileRef = 74E55535228D8C0F00B94C58 /* project_manager.xcdatamodeld */; };
		74E55539228D8C1000B94C58 /* Assets.xcassets in Resources */ = {isa = PBXBuildFile; fileRef = 74E55538228D8C1000B94C58 /* Assets.xcassets */; };
		74E5553C228D8C1000B94C58 /* LaunchScreen.storyboard in Resources */ = {isa = PBXBuildFile; fileRef = 74E5553A228D8C1000B94C58 /* LaunchScreen.storyboard */; };
		74E55544228D8EFF00B94C58 /* MasterViewController.swift in Sources */ = {isa = PBXBuildFile; fileRef = 74E55543228D8EFF00B94C58 /* MasterViewController.swift */; };
		74E55546228D90DC00B94C58 /* DetailViewController.swift in Sources */ = {isa = PBXBuildFile; fileRef = 74E55545228D90DC00B94C58 /* DetailViewController.swift */; };
		B21057FC369F4C2C6812DD8A /* Pods_project_manager.framework in Frameworks */ = {isa = PBXBuildFile; fileRef = 7A6D0BDFA8F18EA6F9165F78 /* Pods_project_manager.framework */; };
/* End PBXBuildFile section */

/* Begin PBXFileReference section */
		155BE5452E9308832EA369B4 /* Pods-project-manager.debug.xcconfig */ = {isa = PBXFileReference; includeInIndex = 1; lastKnownFileType = text.xcconfig; name = "Pods-project-manager.debug.xcconfig"; path = "Target Support Files/Pods-project-manager/Pods-project-manager.debug.xcconfig"; sourceTree = "<group>"; };
		5B910C753DCC96B05531E727 /* Pods-project-manager.release.xcconfig */ = {isa = PBXFileReference; includeInIndex = 1; lastKnownFileType = text.xcconfig; name = "Pods-project-manager.release.xcconfig"; path = "Target Support Files/Pods-project-manager/Pods-project-manager.release.xcconfig"; sourceTree = "<group>"; };
		744487252293EB400006A7CE /* AddEditProjectViewController.swift */ = {isa = PBXFileReference; lastKnownFileType = sourcecode.swift; path = AddEditProjectViewController.swift; sourceTree = "<group>"; };
		7458D54D2291B39E00FF7784 /* Commons.swift */ = {isa = PBXFileReference; lastKnownFileType = sourcecode.swift; path = Commons.swift; sourceTree = "<group>"; };
		74D3C1922299D35E0067A64E /* Project.swift */ = {isa = PBXFileReference; lastKnownFileType = sourcecode.swift; path = Project.swift; sourceTree = "<group>"; };
		74D3C1942299E0190067A64E /* Task.swift */ = {isa = PBXFileReference; lastKnownFileType = sourcecode.swift; path = Task.swift; sourceTree = "<group>"; };
		74E1905822987C93009C12D3 /* AddEditTaskViewController.swift */ = {isa = PBXFileReference; lastKnownFileType = sourcecode.swift; path = AddEditTaskViewController.swift; sourceTree = "<group>"; };
		74E5552B228D8C0F00B94C58 /* CW2-assignment-manager.app */ = {isa = PBXFileReference; explicitFileType = wrapper.application; includeInIndex = 0; path = "CW2-assignment-manager.app"; sourceTree = BUILT_PRODUCTS_DIR; };
		74E5552E228D8C0F00B94C58 /* AppDelegate.swift */ = {isa = PBXFileReference; lastKnownFileType = sourcecode.swift; path = AppDelegate.swift; sourceTree = "<group>"; };
		74E55533228D8C0F00B94C58 /* Base */ = {isa = PBXFileReference; lastKnownFileType = file.storyboard; name = Base; path = Base.lproj/Main.storyboard; sourceTree = "<group>"; };
		74E55536228D8C0F00B94C58 /* project_manager.xcdatamodel */ = {isa = PBXFileReference; lastKnownFileType = wrapper.xcdatamodel; path = project_manager.xcdatamodel; sourceTree = "<group>"; };
		74E55538228D8C1000B94C58 /* Assets.xcassets */ = {isa = PBXFileReference; lastKnownFileType = folder.assetcatalog; path = Assets.xcassets; sourceTree = "<group>"; };
		74E5553B228D8C1000B94C58 /* Base */ = {isa = PBXFileReference; lastKnownFileType = file.storyboard; name = Base; path = Base.lproj/LaunchScreen.storyboard; sourceTree = "<group>"; };
		74E5553D228D8C1000B94C58 /* Info.plist */ = {isa = PBXFileReference; lastKnownFileType = text.plist.xml; path = Info.plist; sourceTree = "<group>"; };
		74E55543228D8EFF00B94C58 /* MasterViewController.swift */ = {isa = PBXFileReference; lastKnownFileType = sourcecode.swift; path = MasterViewController.swift; sourceTree = "<group>"; };
		74E55545228D90DC00B94C58 /* DetailViewController.swift */ = {isa = PBXFileReference; lastKnownFileType = sourcecode.swift; path = DetailViewController.swift; sourceTree = "<group>"; };
		7A6D0BDFA8F18EA6F9165F78 /* Pods_project_manager.framework */ = {isa = PBXFileReference; explicitFileType = wrapper.framework; includeInIndex = 0; path = Pods_project_manager.framework; sourceTree = BUILT_PRODUCTS_DIR; };
/* End PBXFileReference section */

/* Begin PBXFrameworksBuildPhase section */
		74E55528228D8C0F00B94C58 /* Frameworks */ = {
			isa = PBXFrameworksBuildPhase;
			buildActionMask = 2147483647;
			files = (
				B21057FC369F4C2C6812DD8A /* Pods_project_manager.framework in Frameworks */,
			);
			runOnlyForDeploymentPostprocessing = 0;
		};
/* End PBXFrameworksBuildPhase section */

/* Begin PBXGroup section */
		00321B5C246FC6E800FDB501 /* Views */ = {
			isa = PBXGroup;
			children = (
				74E5553A228D8C1000B94C58 /* LaunchScreen.storyboard */,
				74E55532228D8C0F00B94C58 /* Main.storyboard */,
			);
			path = Views;
			sourceTree = "<group>";
		};
		00321B5D246FC6F500FDB501 /* Controllers */ = {
			isa = PBXGroup;
			children = (
				744487252293EB400006A7CE /* AddEditProjectViewController.swift */,
				74E55545228D90DC00B94C58 /* DetailViewController.swift */,
				74E55543228D8EFF00B94C58 /* MasterViewController.swift */,
				74E1905822987C93009C12D3 /* AddEditTaskViewController.swift */,
			);
			path = Controllers;
			sourceTree = "<group>";
		};
		00321B5E246FC71C00FDB501 /* Helpers */ = {
			isa = PBXGroup;
			children = (
				7458D54D2291B39E00FF7784 /* Commons.swift */,
			);
			path = Helpers;
			sourceTree = "<group>";
		};
		74E55522228D8C0F00B94C58 = {
			isa = PBXGroup;
			children = (
				74E5552D228D8C0F00B94C58 /* CW2-assignment-manager */,
				74E5552C228D8C0F00B94C58 /* Products */,
				AD6137E71BD50C02EBF5F4F2 /* Pods */,
				A0EBC7F92BA009C421D8A860 /* Frameworks */,
			);
			sourceTree = "<group>";
		};
		74E5552C228D8C0F00B94C58 /* Products */ = {
			isa = PBXGroup;
			children = (
				74E5552B228D8C0F00B94C58 /* CW2-assignment-manager.app */,
			);
			name = Products;
			sourceTree = "<group>";
		};
		74E5552D228D8C0F00B94C58 /* CW2-assignment-manager */ = {
			isa = PBXGroup;
			children = (
				00321B5E246FC71C00FDB501 /* Helpers */,
				00321B5D246FC6F500FDB501 /* Controllers */,
				00321B5C246FC6E800FDB501 /* Views */,
				74E55547228DF5C800B94C58 /* Models */,
				74E5552E228D8C0F00B94C58 /* AppDelegate.swift */,
				74E55538228D8C1000B94C58 /* Assets.xcassets */,
				74E5553D228D8C1000B94C58 /* Info.plist */,
			);
			path = "CW2-assignment-manager";
			sourceTree = "<group>";
		};
		74E55547228DF5C800B94C58 /* Models */ = {
			isa = PBXGroup;
			children = (
				74E55535228D8C0F00B94C58 /* project_manager.xcdatamodeld */,
				74D3C1922299D35E0067A64E /* Project.swift */,
				74D3C1942299E0190067A64E /* Task.swift */,
			);
			path = Models;
			sourceTree = "<group>";
		};
		A0EBC7F92BA009C421D8A860 /* Frameworks */ = {
			isa = PBXGroup;
			children = (
				7A6D0BDFA8F18EA6F9165F78 /* Pods_project_manager.framework */,
			);
			name = Frameworks;
			sourceTree = "<group>";
		};
		AD6137E71BD50C02EBF5F4F2 /* Pods */ = {
			isa = PBXGroup;
			children = (
				155BE5452E9308832EA369B4 /* Pods-project-manager.debug.xcconfig */,
				5B910C753DCC96B05531E727 /* Pods-project-manager.release.xcconfig */,
			);
			path = Pods;
			sourceTree = "<group>";
		};
/* End PBXGroup section */

/* Begin PBXNativeTarget section */
		74E5552A228D8C0F00B94C58 /* CW2-assignment-manager */ = {
			isa = PBXNativeTarget;
			buildConfigurationList = 74E55540228D8C1000B94C58 /* Build configuration list for PBXNativeTarget "CW2-assignment-manager" */;
			buildPhases = (
				FE5F8ACCBBEB23065453B72B /* [CP] Check Pods Manifest.lock */,
				74E55527228D8C0F00B94C58 /* Sources */,
				74E55528228D8C0F00B94C58 /* Frameworks */,
				74E55529228D8C0F00B94C58 /* Resources */,
				60CDFC8FC7636AA401DB10C0 /* [CP] Embed Pods Frameworks */,
			);
			buildRules = (
			);
			dependencies = (
			);
			name = "CW2-assignment-manager";
			productName = "project-manager";
			productReference = 74E5552B228D8C0F00B94C58 /* CW2-assignment-manager.app */;
			productType = "com.apple.product-type.application";
		};
/* End PBXNativeTarget section */

/* Begin PBXProject section */
		74E55523228D8C0F00B94C58 /* Project object */ = {
			isa = PBXProject;
			attributes = {
				LastSwiftUpdateCheck = 1020;
				LastUpgradeCheck = 1020;
				ORGANIZATIONNAME = "Devon Wijesinghe";
				TargetAttributes = {
					74E5552A228D8C0F00B94C58 = {
						CreatedOnToolsVersion = 10.2.1;
					};
				};
			};
			buildConfigurationList = 74E55526228D8C0F00B94C58 /* Build configuration list for PBXProject "CW2-assignment-manager" */;
			compatibilityVersion = "Xcode 9.3";
			developmentRegion = en;
			hasScannedForEncodings = 0;
			knownRegions = (
				en,
				Base,
			);
			mainGroup = 74E55522228D8C0F00B94C58;
			productRefGroup = 74E5552C228D8C0F00B94C58 /* Products */;
			projectDirPath = "";
			projectRoot = "";
			targets = (
				74E5552A228D8C0F00B94C58 /* CW2-assignment-manager */,
			);
		};
/* End PBXProject section */

/* Begin PBXResourcesBuildPhase section */
		74E55529228D8C0F00B94C58 /* Resources */ = {
			isa = PBXResourcesBuildPhase;
			buildActionMask = 2147483647;
			files = (
				74E5553C228D8C1000B94C58 /* LaunchScreen.storyboard in Resources */,
				74E55539228D8C1000B94C58 /* Assets.xcassets in Resources */,
				74E55534228D8C0F00B94C58 /* Main.storyboard in Resources */,
			);
			runOnlyForDeploymentPostprocessing = 0;
		};
/* End PBXResourcesBuildPhase section */

/* Begin PBXShellScriptBuildPhase section */
		60CDFC8FC7636AA401DB10C0 /* [CP] Embed Pods Frameworks */ = {
			isa = PBXShellScriptBuildPhase;
			buildActionMask = 2147483647;
			files = (
			);
			inputFileListPaths = (
			);
			inputPaths = (
				"${PODS_ROOT}/Target Support Files/Pods-project-manager/Pods-project-manager-frameworks.sh",
				"${BUILT_PRODUCTS_DIR}/CircleProgressBar/CircleProgressBar.framework",
				"${BUILT_PRODUCTS_DIR}/YLProgressBar/YLProgressBar.framework",
			);
			name = "[CP] Embed Pods Frameworks";
			outputFileListPaths = (
			);
			outputPaths = (
				"${TARGET_BUILD_DIR}/${FRAMEWORKS_FOLDER_PATH}/CircleProgressBar.framework",
				"${TARGET_BUILD_DIR}/${FRAMEWORKS_FOLDER_PATH}/YLProgressBar.framework",
			);
			runOnlyForDeploymentPostprocessing = 0;
			shellPath = /bin/sh;
			shellScript = "\"${PODS_ROOT}/Target Support Files/Pods-project-manager/Pods-project-manager-frameworks.sh\"\n";
			showEnvVarsInLog = 0;
		};
		FE5F8ACCBBEB23065453B72B /* [CP] Check Pods Manifest.lock */ = {
			isa = PBXShellScriptBuildPhase;
			buildActionMask = 2147483647;
			files = (
			);
			inputFileListPaths = (
			);
			inputPaths = (
				"${PODS_PODFILE_DIR_PATH}/Podfile.lock",
				"${PODS_ROOT}/Manifest.lock",
			);
			name = "[CP] Check Pods Manifest.lock";
			outputFileListPaths = (
			);
			outputPaths = (
				"$(DERIVED_FILE_DIR)/Pods-project-manager-checkManifestLockResult.txt",
			);
			runOnlyForDeploymentPostprocessing = 0;
			shellPath = /bin/sh;
			shellScript = "diff \"${PODS_PODFILE_DIR_PATH}/Podfile.lock\" \"${PODS_ROOT}/Manifest.lock\" > /dev/null\nif [ $? != 0 ] ; then\n    # print error to STDERR\n    echo \"error: The sandbox is not in sync with the Podfile.lock. Run 'pod install' or update your CocoaPods installation.\" >&2\n    exit 1\nfi\n# This output is used by Xcode 'outputs' to avoid re-running this script phase.\necho \"SUCCESS\" > \"${SCRIPT_OUTPUT_FILE_0}\"\n";
			showEnvVarsInLog = 0;
		};
/* End PBXShellScriptBuildPhase section */

/* Begin PBXSourcesBuildPhase section */
		74E55527228D8C0F00B94C58 /* Sources */ = {
			isa = PBXSourcesBuildPhase;
			buildActionMask = 2147483647;
			files = (
				74E55537228D8C0F00B94C58 /* project_manager.xcdatamodeld in Sources */,
				74E5552F228D8C0F00B94C58 /* AppDelegate.swift in Sources */,
				74E1905922987C93009C12D3 /* AddEditTaskViewController.swift in Sources */,
				7458D54E2291B39E00FF7784 /* Commons.swift in Sources */,
				74E55544228D8EFF00B94C58 /* MasterViewController.swift in Sources */,
				744487262293EB400006A7CE /* AddEditProjectViewController.swift in Sources */,
				74E55546228D90DC00B94C58 /* DetailViewController.swift in Sources */,
				74D3C1952299E0190067A64E /* Task.swift in Sources */,
				74D3C1932299D35E0067A64E /* Project.swift in Sources */,
			);
			runOnlyForDeploymentPostprocessing = 0;
		};
/* End PBXSourcesBuildPhase section */

/* Begin PBXVariantGroup section */
		74E55532228D8C0F00B94C58 /* Main.storyboard */ = {
			isa = PBXVariantGroup;
			children = (
				74E55533228D8C0F00B94C58 /* Base */,
			);
			name = Main.storyboard;
			sourceTree = "<group>";
		};
		74E5553A228D8C1000B94C58 /* LaunchScreen.storyboard */ = {
			isa = PBXVariantGroup;
			children = (
				74E5553B228D8C1000B94C58 /* Base */,
			);
			name = LaunchScreen.storyboard;
			sourceTree = "<group>";
		};
/* End PBXVariantGroup section */

/* Begin XCBuildConfiguration section */
		74E5553E228D8C1000B94C58 /* Debug */ = {
			isa = XCBuildConfiguration;
			buildSettings = {
				ALWAYS_SEARCH_USER_PATHS = NO;
				CLANG_ANALYZER_NONNULL = YES;
				CLANG_ANALYZER_NUMBER_OBJECT_CONVERSION = YES_AGGRESSIVE;
				CLANG_CXX_LANGUAGE_STANDARD = "gnu++14";
				CLANG_CXX_LIBRARY = "libc++";
				CLANG_ENABLE_MODULES = YES;
				CLANG_ENABLE_OBJC_ARC = YES;
				CLANG_ENABLE_OBJC_WEAK = YES;
				CLANG_WARN_BLOCK_CAPTURE_AUTORELEASING = YES;
				CLANG_WARN_BOOL_CONVERSION = YES;
				CLANG_WARN_COMMA = YES;
				CLANG_WARN_CONSTANT_CONVERSION = YES;
				CLANG_WARN_DEPRECATED_OBJC_IMPLEMENTATIONS = YES;
				CLANG_WARN_DIRECT_OBJC_ISA_USAGE = YES_ERROR;
				CLANG_WARN_DOCUMENTATION_COMMENTS = YES;
				CLANG_WARN_EMPTY_BODY = YES;
				CLANG_WARN_ENUM_CONVERSION = YES;
				CLANG_WARN_INFINITE_RECURSION = YES;
				CLANG_WARN_INT_CONVERSION = YES;
				CLANG_WARN_NON_LITERAL_NULL_CONVERSION = YES;
				CLANG_WARN_OBJC_IMPLICIT_RETAIN_SELF = YES;
				CLANG_WARN_OBJC_LITERAL_CONVERSION = YES;
				CLANG_WARN_OBJC_ROOT_CLASS = YES_ERROR;
				CLANG_WARN_RANGE_LOOP_ANALYSIS = YES;
				CLANG_WARN_STRICT_PROTOTYPES = YES;
				CLANG_WARN_SUSPICIOUS_MOVE = YES;
				CLANG_WARN_UNGUARDED_AVAILABILITY = YES_AGGRESSIVE;
				CLANG_WARN_UNREACHABLE_CODE = YES;
				CLANG_WARN__DUPLICATE_METHOD_MATCH = YES;
				CODE_SIGN_IDENTITY = "iPhone Developer";
				COPY_PHASE_STRIP = NO;
				DEBUG_INFORMATION_FORMAT = dwarf;
				ENABLE_STRICT_OBJC_MSGSEND = YES;
				ENABLE_TESTABILITY = YES;
				GCC_C_LANGUAGE_STANDARD = gnu11;
				GCC_DYNAMIC_NO_PIC = NO;
				GCC_NO_COMMON_BLOCKS = YES;
				GCC_OPTIMIZATION_LEVEL = 0;
				GCC_PREPROCESSOR_DEFINITIONS = (
					"DEBUG=1",
					"$(inherited)",
				);
				GCC_WARN_64_TO_32_BIT_CONVERSION = YES;
				GCC_WARN_ABOUT_RETURN_TYPE = YES_ERROR;
				GCC_WARN_UNDECLARED_SELECTOR = YES;
				GCC_WARN_UNINITIALIZED_AUTOS = YES_AGGRESSIVE;
				GCC_WARN_UNUSED_FUNCTION = YES;
				GCC_WARN_UNUSED_VARIABLE = YES;
				IPHONEOS_DEPLOYMENT_TARGET = 12.2;
				MTL_ENABLE_DEBUG_INFO = INCLUDE_SOURCE;
				MTL_FAST_MATH = YES;
				ONLY_ACTIVE_ARCH = YES;
				SDKROOT = iphoneos;
				SWIFT_ACTIVE_COMPILATION_CONDITIONS = DEBUG;
				SWIFT_OPTIMIZATION_LEVEL = "-Onone";
			};
			name = Debug;
		};
		74E5553F228D8C1000B94C58 /* Release */ = {
			isa = XCBuildConfiguration;
			buildSettings = {
				ALWAYS_SEARCH_USER_PATHS = NO;
				CLANG_ANALYZER_NONNULL = YES;
				CLANG_ANALYZER_NUMBER_OBJECT_CONVERSION = YES_AGGRESSIVE;
				CLANG_CXX_LANGUAGE_STANDARD = "gnu++14";
				CLANG_CXX_LIBRARY = "libc++";
				CLANG_ENABLE_MODULES = YES;
				CLANG_ENABLE_OBJC_ARC = YES;
				CLANG_ENABLE_OBJC_WEAK = YES;
				CLANG_WARN_BLOCK_CAPTURE_AUTORELEASING = YES;
				CLANG_WARN_BOOL_CONVERSION = YES;
				CLANG_WARN_COMMA = YES;
				CLANG_WARN_CONSTANT_CONVERSION = YES;
				CLANG_WARN_DEPRECATED_OBJC_IMPLEMENTATIONS = YES;
				CLANG_WARN_DIRECT_OBJC_ISA_USAGE = YES_ERROR;
				CLANG_WARN_DOCUMENTATION_COMMENTS = YES;
				CLANG_WARN_EMPTY_BODY = YES;
				CLANG_WARN_ENUM_CONVERSION = YES;
				CLANG_WARN_INFINITE_RECURSION = YES;
				CLANG_WARN_INT_CONVERSION = YES;
				CLANG_WARN_NON_LITERAL_NULL_CONVERSION = YES;
				CLANG_WARN_OBJC_IMPLICIT_RETAIN_SELF = YES;
				CLANG_WARN_OBJC_LITERAL_CONVERSION = YES;
				CLANG_WARN_OBJC_ROOT_CLASS = YES_ERROR;
				CLANG_WARN_RANGE_LOOP_ANALYSIS = YES;
				CLANG_WARN_STRICT_PROTOTYPES = YES;
				CLANG_WARN_SUSPICIOUS_MOVE = YES;
				CLANG_WARN_UNGUARDED_AVAILABILITY = YES_AGGRESSIVE;
				CLANG_WARN_UNREACHABLE_CODE = YES;
				CLANG_WARN__DUPLICATE_METHOD_MATCH = YES;
				CODE_SIGN_IDENTITY = "iPhone Developer";
				COPY_PHASE_STRIP = NO;
				DEBUG_INFORMATION_FORMAT = "dwarf-with-dsym";
				ENABLE_NS_ASSERTIONS = NO;
				ENABLE_STRICT_OBJC_MSGSEND = YES;
				GCC_C_LANGUAGE_STANDARD = gnu11;
				GCC_NO_COMMON_BLOCKS = YES;
				GCC_WARN_64_TO_32_BIT_CONVERSION = YES;
				GCC_WARN_ABOUT_RETURN_TYPE = YES_ERROR;
				GCC_WARN_UNDECLARED_SELECTOR = YES;
				GCC_WARN_UNINITIALIZED_AUTOS = YES_AGGRESSIVE;
				GCC_WARN_UNUSED_FUNCTION = YES;
				GCC_WARN_UNUSED_VARIABLE = YES;
				IPHONEOS_DEPLOYMENT_TARGET = 12.2;
				MTL_ENABLE_DEBUG_INFO = NO;
				MTL_FAST_MATH = YES;
				SDKROOT = iphoneos;
				SWIFT_COMPILATION_MODE = wholemodule;
				SWIFT_OPTIMIZATION_LEVEL = "-O";
				VALIDATE_PRODUCT = YES;
			};
			name = Release;
		};
		74E55541228D8C1000B94C58 /* Debug */ = {
			isa = XCBuildConfiguration;
			baseConfigurationReference = 155BE5452E9308832EA369B4 /* Pods-project-manager.debug.xcconfig */;
			buildSettings = {
				ASSETCATALOG_COMPILER_APPICON_NAME = AppIcon;
				CODE_SIGN_STYLE = Automatic;
				DEVELOPMENT_TEAM = 87Q337FV3G;
				INFOPLIST_FILE = "CW2-assignment-manager/Info.plist";
				IPHONEOS_DEPLOYMENT_TARGET = 12.2;
				LD_RUNPATH_SEARCH_PATHS = (
					"$(inherited)",
					"@executable_path/Frameworks",
				);
				PRODUCT_BUNDLE_IDENTIFIER = "com.devon.CW2-assignment-manager";
				PRODUCT_NAME = "$(TARGET_NAME)";
				SWIFT_VERSION = 5.0;
				TARGETED_DEVICE_FAMILY = "1,2";
			};
			name = Debug;
		};
		74E55542228D8C1000B94C58 /* Release */ = {
			isa = XCBuildConfiguration;
			baseConfigurationReference = 5B910C753DCC96B05531E727 /* Pods-project-manager.release.xcconfig */;
			buildSettings = {
				ASSETCATALOG_COMPILER_APPICON_NAME = AppIcon;
				CODE_SIGN_STYLE = Automatic;
				DEVELOPMENT_TEAM = 87Q337FV3G;
				INFOPLIST_FILE = "CW2-assignment-manager/Info.plist";
				IPHONEOS_DEPLOYMENT_TARGET = 12.2;
				LD_RUNPATH_SEARCH_PATHS = (
					"$(inherited)",
					"@executable_path/Frameworks",
				);
				PRODUCT_BUNDLE_IDENTIFIER = "com.devon.CW2-assignment-manager";
				PRODUCT_NAME = "$(TARGET_NAME)";
				SWIFT_VERSION = 5.0;
				TARGETED_DEVICE_FAMILY = "1,2";
			};
			name = Release;
		};
/* End XCBuildConfiguration section */

/* Begin XCConfigurationList section */
		74E55526228D8C0F00B94C58 /* Build configuration list for PBXProject "CW2-assignment-manager" */ = {
			isa = XCConfigurationList;
			buildConfigurations = (
				74E5553E228D8C1000B94C58 /* Debug */,
				74E5553F228D8C1000B94C58 /* Release */,
			);
			defaultConfigurationIsVisible = 0;
			defaultConfigurationName = Release;
		};
		74E55540228D8C1000B94C58 /* Build configuration list for PBXNativeTarget "CW2-assignment-manager" */ = {
			isa = XCConfigurationList;
			buildConfigurations = (
				74E55541228D8C1000B94C58 /* Debug */,
				74E55542228D8C1000B94C58 /* Release */,
			);
			defaultConfigurationIsVisible = 0;
			defaultConfigurationName = Release;
		};
/* End XCConfigurationList section */

/* Begin XCVersionGroup section */
		74E55535228D8C0F00B94C58 /* project_manager.xcdatamodeld */ = {
			isa = XCVersionGroup;
			children = (
				74E55536228D8C0F00B94C58 /* project_manager.xcdatamodel */,
			);
			currentVersion = 74E55536228D8C0F00B94C58 /* project_manager.xcdatamodel */;
			path = project_manager.xcdatamodeld;
			sourceTree = "<group>";
			versionGroupType = wrapper.xcdatamodel;
		};
/* End XCVersionGroup section */
	};
	rootObject = 74E55523228D8C0F00B94C58 /* Project object */;
}
